
Microsoft Visual Studio Solution File, Format Version 12.00
# Visual Studio 15
VisualStudioVersion = 15.0.28010.2050
MinimumVisualStudioVersion = 10.0.40219.1
Project("{FAE04EC0-301F-11D3-BF4B-00C04F79EFBC}") = "CrudBlazor.FullStack.Server", "CrudBlazor.FullStack.Server\CrudBlazor.FullStack.Server.csproj", "{A1E89E37-636D-4D02-96C6-EC5C1FFEB032}"
EndProject
Project("{FAE04EC0-301F-11D3-BF4B-00C04F79EFBC}") = "CrudBlazor.FullStack.Client", "CrudBlazor.FullStack.Client\CrudBlazor.FullStack.Client.csproj", "{E0BB6762-9D8C-4FAD-901B-04713D831358}"
EndProject
Project("{FAE04EC0-301F-11D3-BF4B-00C04F79EFBC}") = "CrudBlazor.FullStack.Shared", "CrudBlazor.FullStack.Shared\CrudBlazor.FullStack.Shared.csproj", "{C14861B8-1953-44FD-9C7F-13606D48890B}"
EndProject
Global
	GlobalSection(SolutionConfigurationPlatforms) = preSolution
		Debug|Any CPU = Debug|Any CPU
		Release|Any CPU = Release|Any CPU
	EndGlobalSection
	GlobalSection(ProjectConfigurationPlatforms) = postSolution
		{A1E89E37-636D-4D02-96C6-EC5C1FFEB032}.Debug|Any CPU.ActiveCfg = Debug|Any CPU
		{A1E89E37-636D-4D02-96C6-EC5C1FFEB032}.Debug|Any CPU.Build.0 = Debug|Any CPU
		{A1E89E37-636D-4D02-96C6-EC5C1FFEB032}.Release|Any CPU.ActiveCfg = Release|Any CPU
		{A1E89E37-636D-4D02-96C6-EC5C1FFEB032}.Release|Any CPU.Build.0 = Release|Any CPU
		{E0BB6762-9D8C-4FAD-901B-04713D831358}.Debug|Any CPU.ActiveCfg = Debug|Any CPU
		{E0BB6762-9D8C-4FAD-901B-04713D831358}.Debug|Any CPU.Build.0 = Debug|Any CPU
		{E0BB6762-9D8C-4FAD-901B-04713D831358}.Release|Any CPU.ActiveCfg = Release|Any CPU
		{E0BB6762-9D8C-4FAD-901B-04713D831358}.Release|Any CPU.Build.0 = Release|Any CPU
		{C14861B8-1953-44FD-9C7F-13606D48890B}.Debug|Any CPU.ActiveCfg = Debug|Any CPU
		{C14861B8-1953-44FD-9C7F-13606D48890B}.Debug|Any CPU.Build.0 = Debug|Any CPU
		{C14861B8-1953-44FD-9C7F-13606D48890B}.Release|Any CPU.ActiveCfg = Release|Any CPU
		{C14861B8-1953-44FD-9C7F-13606D48890B}.Release|Any CPU.Build.0 = Release|Any CPU
	EndGlobalSection
	GlobalSection(SolutionProperties) = preSolution
		HideSolutionNode = FALSE
	EndGlobalSection
	GlobalSection(ExtensibilityGlobals) = postSolution
		SolutionGuid = {DC60BA63-1247-496B-841E-5677D29F78FC}
	EndGlobalSection
EndGlobal
