
Microsoft Visual Studio Solution File, Format Version 12.00
# Visual Studio Version 16
VisualStudioVersion = 16.0.28902.138
MinimumVisualStudioVersion = 10.0.40219.1
Project("{FAE04EC0-301F-11D3-BF4B-00C04F79EFBC}") = "CrudBlazor.FullStack.Server", "CrudBlazor.FullStack.Server\CrudBlazor.FullStack.Server.csproj", "{863C36B6-6E9B-46EC-815F-02F3EA2C3D93}"
EndProject
Project("{FAE04EC0-301F-11D3-BF4B-00C04F79EFBC}") = "CrudBlazor.FullStack.Client", "CrudBlazor.FullStack.Client\CrudBlazor.FullStack.Client.csproj", "{FF6A6260-CFEC-4B77-854D-E002D0FDA2D1}"
EndProject
Project("{FAE04EC0-301F-11D3-BF4B-00C04F79EFBC}") = "CrudBlazor.FullStack.Shared", "CrudBlazor.FullStack.Shared\CrudBlazor.FullStack.Shared.csproj", "{A3501059-D1A0-407F-8876-2882E16E7ADC}"
EndProject
Global
	GlobalSection(SolutionConfigurationPlatforms) = preSolution
		Debug|Any CPU = Debug|Any CPU
		Release|Any CPU = Release|Any CPU
	EndGlobalSection
	GlobalSection(ProjectConfigurationPlatforms) = postSolution
		{863C36B6-6E9B-46EC-815F-02F3EA2C3D93}.Debug|Any CPU.ActiveCfg = Debug|Any CPU
		{863C36B6-6E9B-46EC-815F-02F3EA2C3D93}.Debug|Any CPU.Build.0 = Debug|Any CPU
		{863C36B6-6E9B-46EC-815F-02F3EA2C3D93}.Release|Any CPU.ActiveCfg = Release|Any CPU
		{863C36B6-6E9B-46EC-815F-02F3EA2C3D93}.Release|Any CPU.Build.0 = Release|Any CPU
		{FF6A6260-CFEC-4B77-854D-E002D0FDA2D1}.Debug|Any CPU.ActiveCfg = Debug|Any CPU
		{FF6A6260-CFEC-4B77-854D-E002D0FDA2D1}.Debug|Any CPU.Build.0 = Debug|Any CPU
		{FF6A6260-CFEC-4B77-854D-E002D0FDA2D1}.Release|Any CPU.ActiveCfg = Release|Any CPU
		{FF6A6260-CFEC-4B77-854D-E002D0FDA2D1}.Release|Any CPU.Build.0 = Release|Any CPU
		{A3501059-D1A0-407F-8876-2882E16E7ADC}.Debug|Any CPU.ActiveCfg = Debug|Any CPU
		{A3501059-D1A0-407F-8876-2882E16E7ADC}.Debug|Any CPU.Build.0 = Debug|Any CPU
		{A3501059-D1A0-407F-8876-2882E16E7ADC}.Release|Any CPU.ActiveCfg = Release|Any CPU
		{A3501059-D1A0-407F-8876-2882E16E7ADC}.Release|Any CPU.Build.0 = Release|Any CPU
	EndGlobalSection
	GlobalSection(SolutionProperties) = preSolution
		HideSolutionNode = FALSE
	EndGlobalSection
	GlobalSection(ExtensibilityGlobals) = postSolution
		SolutionGuid = {62D16762-7794-4A54-84F5-1B9A0D07B15A}
	EndGlobalSection
EndGlobal
